PODS:
  - Alamofire (4.6.0)
  - FeedKit (7.0.1)
  - SDWebImage (4.3.0):
    - SDWebImage/Core (= 4.3.0)
  - SDWebImage/Core (4.3.0)

DEPENDENCIES:
  - Alamofire (~> 4.5)
  - FeedKit (= 7.0.1)
  - SDWebImage (~> 4.0)

SPEC CHECKSUMS:
  Alamofire: f41a599bd63041760b26d393ec1069d9d7b917f4
  FeedKit: 9be69ab57ef0eb922ee4b6c31cb6b8840a5bbb29
  SDWebImage: 6da6c8bca115addc4de8613362e1b15f66333825

PODFILE CHECKSUM: 351ef05fab950cd4ff42ddec6b66157d8dacfd72

COCOAPODS: 1.4.0
