// !$*UTF8*$!
{
	archiveVersion = 1;
	classes = {
	};
	objectVersion = 48;
	objects = {

/* Begin PBXBuildFile section */
		C73F0B09205B034500472D57 /* UserDefaults.swift in Sources */ = {isa = PBXBuildFile; fileRef = C73F0B08205B034500472D57 /* UserDefaults.swift */; };
		C7453C6E205C48B300267B46 /* DownloadsController.swift in Sources */ = {isa = PBXBuildFile; fileRef = C7453C6D205C48B300267B46 /* DownloadsController.swift */; };
		C74D4CF620531C9700B1C238 /* UIApplication.swift in Sources */ = {isa = PBXBuildFile; fileRef = C74D4CF520531C9700B1C238 /* UIApplication.swift */; };
		C76281E6203BCC0800A0682E /* APIService.swift in Sources */ = {isa = PBXBuildFile; fileRef = C76281E5203BCC0800A0682E /* APIService.swift */; };
		C76281F3203CC78D00A0682E /* PodcastCell.xib in Resources */ = {isa = PBXBuildFile; fileRef = C76281F2203CC78D00A0682E /* PodcastCell.xib */; };
		C76281F5203CCA0D00A0682E /* PodcastCell.swift in Sources */ = {isa = PBXBuildFile; fileRef = C76281F4203CCA0D00A0682E /* PodcastCell.swift */; };
		C766286A2045FD9000E56D88 /* Episode.swift in Sources */ = {isa = PBXBuildFile; fileRef = C76628692045FD9000E56D88 /* Episode.swift */; };
		C766286D2045FEDE00E56D88 /* EpisodeCell.swift in Sources */ = {isa = PBXBuildFile; fileRef = C766286B2045FEDE00E56D88 /* EpisodeCell.swift */; };
		C766286E2045FEDE00E56D88 /* EpisodeCell.xib in Resources */ = {isa = PBXBuildFile; fileRef = C766286C2045FEDE00E56D88 /* EpisodeCell.xib */; };
		C766287920464CA200E56D88 /* String.swift in Sources */ = {isa = PBXBuildFile; fileRef = C766287820464CA200E56D88 /* String.swift */; };
		C766287B20464D9200E56D88 /* RSSFeed.swift in Sources */ = {isa = PBXBuildFile; fileRef = C766287A20464D9200E56D88 /* RSSFeed.swift */; };
		C76628852047879100E56D88 /* PlayerDetailsView.xib in Resources */ = {isa = PBXBuildFile; fileRef = C76628842047879100E56D88 /* PlayerDetailsView.xib */; };
		C7662887204789E400E56D88 /* PlayerDetailsView.swift in Sources */ = {isa = PBXBuildFile; fileRef = C7662886204789E400E56D88 /* PlayerDetailsView.swift */; };
		C7799ED12058AA4D00152002 /* FavoritesController.swift in Sources */ = {isa = PBXBuildFile; fileRef = C7799ED02058AA4D00152002 /* FavoritesController.swift */; };
		C7799ED72058D6B200152002 /* FavoritePodcastCell.swift in Sources */ = {isa = PBXBuildFile; fileRef = C7799ED62058D6B200152002 /* FavoritePodcastCell.swift */; };
		C77AC790204B5A99001CAFA0 /* CMTime.swift in Sources */ = {isa = PBXBuildFile; fileRef = C77AC78F204B5A99001CAFA0 /* CMTime.swift */; };
		C79694BD203F5E3E00117ECE /* EpisodesController.swift in Sources */ = {isa = PBXBuildFile; fileRef = C79694BC203F5E3E00117ECE /* EpisodesController.swift */; };
		C7A3FEBA2033D9AC00E68D2F /* AppDelegate.swift in Sources */ = {isa = PBXBuildFile; fileRef = C7A3FEB92033D9AC00E68D2F /* AppDelegate.swift */; };
		C7A3FEBC2033D9AC00E68D2F /* ViewController.swift in Sources */ = {isa = PBXBuildFile; fileRef = C7A3FEBB2033D9AC00E68D2F /* ViewController.swift */; };
		C7A3FEBF2033D9AC00E68D2F /* Main.storyboard in Resources */ = {isa = PBXBuildFile; fileRef = C7A3FEBD2033D9AC00E68D2F /* Main.storyboard */; };
		C7A3FEC12033D9AC00E68D2F /* Assets.xcassets in Resources */ = {isa = PBXBuildFile; fileRef = C7A3FEC02033D9AC00E68D2F /* Assets.xcassets */; };
		C7A3FEC42033D9AC00E68D2F /* LaunchScreen.storyboard in Resources */ = {isa = PBXBuildFile; fileRef = C7A3FEC22033D9AC00E68D2F /* LaunchScreen.storyboard */; };
		C7A3FECC2033D9EB00E68D2F /* MainTabBarController.swift in Sources */ = {isa = PBXBuildFile; fileRef = C7A3FECB2033D9EB00E68D2F /* MainTabBarController.swift */; };
		C7A3FED52034DA5500E68D2F /* PodcastsSearchController.swift in Sources */ = {isa = PBXBuildFile; fileRef = C7A3FED42034DA5500E68D2F /* PodcastsSearchController.swift */; };
		C7A3FED82034DAE200E68D2F /* Podcast.swift in Sources */ = {isa = PBXBuildFile; fileRef = C7A3FED72034DAE200E68D2F /* Podcast.swift */; };
		C7AC4CA120521CAB004BA2C0 /* PlayerDetailsView+Gestures.swift in Sources */ = {isa = PBXBuildFile; fileRef = C7AC4CA020521CAB004BA2C0 /* PlayerDetailsView+Gestures.swift */; };
		C7F1F95A204E7EFA00BCF21E /* PodcastsSearchingView.xib in Resources */ = {isa = PBXBuildFile; fileRef = C7F1F959204E7EFA00BCF21E /* PodcastsSearchingView.xib */; };
		E98E2E6F4D1A2EA58C03176A /* Pods_PodcastsCourseLBTA.framework in Frameworks */ = {isa = PBXBuildFile; fileRef = F402119E8C7A35EC214E1A4D /* Pods_PodcastsCourseLBTA.framework */; };
/* End PBXBuildFile section */

/* Begin PBXFileReference section */
		1EAC68EB03C6342477360E50 /* Pods-PodcastsCourseLBTA.release.xcconfig */ = {isa = PBXFileReference; includeInIndex = 1; lastKnownFileType = text.xcconfig; name = "Pods-PodcastsCourseLBTA.release.xcconfig"; path = "Pods/Target Support Files/Pods-PodcastsCourseLBTA/Pods-PodcastsCourseLBTA.release.xcconfig"; sourceTree = "<group>"; };
		4274D556DF3E5E30B053BF5A /* Pods-PodcastsCourseLBTA.debug.xcconfig */ = {isa = PBXFileReference; includeInIndex = 1; lastKnownFileType = text.xcconfig; name = "Pods-PodcastsCourseLBTA.debug.xcconfig"; path = "Pods/Target Support Files/Pods-PodcastsCourseLBTA/Pods-PodcastsCourseLBTA.debug.xcconfig"; sourceTree = "<group>"; };
		C73F0B08205B034500472D57 /* UserDefaults.swift */ = {isa = PBXFileReference; lastKnownFileType = sourcecode.swift; path = UserDefaults.swift; sourceTree = "<group>"; };
		C7453C6D205C48B300267B46 /* DownloadsController.swift */ = {isa = PBXFileReference; lastKnownFileType = sourcecode.swift; path = DownloadsController.swift; sourceTree = "<group>"; };
		C74D4CF520531C9700B1C238 /* UIApplication.swift */ = {isa = PBXFileReference; lastKnownFileType = sourcecode.swift; path = UIApplication.swift; sourceTree = "<group>"; };
		C76281E5203BCC0800A0682E /* APIService.swift */ = {isa = PBXFileReference; lastKnownFileType = sourcecode.swift; path = APIService.swift; sourceTree = "<group>"; };
		C76281F2203CC78D00A0682E /* PodcastCell.xib */ = {isa = PBXFileReference; lastKnownFileType = file.xib; path = PodcastCell.xib; sourceTree = "<group>"; };
		C76281F4203CCA0D00A0682E /* PodcastCell.swift */ = {isa = PBXFileReference; lastKnownFileType = sourcecode.swift; path = PodcastCell.swift; sourceTree = "<group>"; };
		C76628692045FD9000E56D88 /* Episode.swift */ = {isa = PBXFileReference; lastKnownFileType = sourcecode.swift; path = Episode.swift; sourceTree = "<group>"; };
		C766286B2045FEDE00E56D88 /* EpisodeCell.swift */ = {isa = PBXFileReference; lastKnownFileType = sourcecode.swift; path = EpisodeCell.swift; sourceTree = "<group>"; };
		C766286C2045FEDE00E56D88 /* EpisodeCell.xib */ = {isa = PBXFileReference; lastKnownFileType = file.xib; path = EpisodeCell.xib; sourceTree = "<group>"; };
		C766287820464CA200E56D88 /* String.swift */ = {isa = PBXFileReference; lastKnownFileType = sourcecode.swift; path = String.swift; sourceTree = "<group>"; };
		C766287A20464D9200E56D88 /* RSSFeed.swift */ = {isa = PBXFileReference; lastKnownFileType = sourcecode.swift; path = RSSFeed.swift; sourceTree = "<group>"; };
		C76628842047879100E56D88 /* PlayerDetailsView.xib */ = {isa = PBXFileReference; lastKnownFileType = file.xib; path = PlayerDetailsView.xib; sourceTree = "<group>"; };
		C7662886204789E400E56D88 /* PlayerDetailsView.swift */ = {isa = PBXFileReference; lastKnownFileType = sourcecode.swift; path = PlayerDetailsView.swift; sourceTree = "<group>"; };
		C7799ED02058AA4D00152002 /* FavoritesController.swift */ = {isa = PBXFileReference; lastKnownFileType = sourcecode.swift; path = FavoritesController.swift; sourceTree = "<group>"; };
		C7799ED62058D6B200152002 /* FavoritePodcastCell.swift */ = {isa = PBXFileReference; lastKnownFileType = sourcecode.swift; path = FavoritePodcastCell.swift; sourceTree = "<group>"; };
		C77AC78F204B5A99001CAFA0 /* CMTime.swift */ = {isa = PBXFileReference; lastKnownFileType = sourcecode.swift; path = CMTime.swift; sourceTree = "<group>"; };
		C79694BC203F5E3E00117ECE /* EpisodesController.swift */ = {isa = PBXFileReference; lastKnownFileType = sourcecode.swift; path = EpisodesController.swift; sourceTree = "<group>"; };
		C7A3FEB62033D9AC00E68D2F /* PodcastsCourseLBTA.app */ = {isa = PBXFileReference; explicitFileType = wrapper.application; includeInIndex = 0; path = PodcastsCourseLBTA.app; sourceTree = BUILT_PRODUCTS_DIR; };
		C7A3FEB92033D9AC00E68D2F /* AppDelegate.swift */ = {isa = PBXFileReference; lastKnownFileType = sourcecode.swift; path = AppDelegate.swift; sourceTree = "<group>"; };
		C7A3FEBB2033D9AC00E68D2F /* ViewController.swift */ = {isa = PBXFileReference; lastKnownFileType = sourcecode.swift; path = ViewController.swift; sourceTree = "<group>"; };
		C7A3FEBE2033D9AC00E68D2F /* Base */ = {isa = PBXFileReference; lastKnownFileType = file.storyboard; name = Base; path = Base.lproj/Main.storyboard; sourceTree = "<group>"; };
		C7A3FEC02033D9AC00E68D2F /* Assets.xcassets */ = {isa = PBXFileReference; lastKnownFileType = folder.assetcatalog; path = Assets.xcassets; sourceTree = "<group>"; };
		C7A3FEC32033D9AC00E68D2F /* Base */ = {isa = PBXFileReference; lastKnownFileType = file.storyboard; name = Base; path = Base.lproj/LaunchScreen.storyboard; sourceTree = "<group>"; };
		C7A3FEC52033D9AC00E68D2F /* Info.plist */ = {isa = PBXFileReference; lastKnownFileType = text.plist.xml; path = Info.plist; sourceTree = "<group>"; };
		C7A3FECB2033D9EB00E68D2F /* MainTabBarController.swift */ = {isa = PBXFileReference; lastKnownFileType = sourcecode.swift; path = MainTabBarController.swift; sourceTree = "<group>"; };
		C7A3FED42034DA5500E68D2F /* PodcastsSearchController.swift */ = {isa = PBXFileReference; lastKnownFileType = sourcecode.swift; path = PodcastsSearchController.swift; sourceTree = "<group>"; };
		C7A3FED72034DAE200E68D2F /* Podcast.swift */ = {isa = PBXFileReference; lastKnownFileType = sourcecode.swift; path = Podcast.swift; sourceTree = "<group>"; };
		C7AC4CA020521CAB004BA2C0 /* PlayerDetailsView+Gestures.swift */ = {isa = PBXFileReference; lastKnownFileType = sourcecode.swift; path = "PlayerDetailsView+Gestures.swift"; sourceTree = "<group>"; };
		C7F1F959204E7EFA00BCF21E /* PodcastsSearchingView.xib */ = {isa = PBXFileReference; lastKnownFileType = file.xib; path = PodcastsSearchingView.xib; sourceTree = "<group>"; };
		F402119E8C7A35EC214E1A4D /* Pods_PodcastsCourseLBTA.framework */ = {isa = PBXFileReference; explicitFileType = wrapper.framework; includeInIndex = 0; path = Pods_PodcastsCourseLBTA.framework; sourceTree = BUILT_PRODUCTS_DIR; };
/* End PBXFileReference section */

/* Begin PBXFrameworksBuildPhase section */
		C7A3FEB32033D9AC00E68D2F /* Frameworks */ = {
			isa = PBXFrameworksBuildPhase;
			buildActionMask = 2147483647;
			files = (
				E98E2E6F4D1A2EA58C03176A /* Pods_PodcastsCourseLBTA.framework in Frameworks */,
			);
			runOnlyForDeploymentPostprocessing = 0;
		};
/* End PBXFrameworksBuildPhase section */

/* Begin PBXGroup section */
		3476BD160D271D21684958FF /* Frameworks */ = {
			isa = PBXGroup;
			children = (
				F402119E8C7A35EC214E1A4D /* Pods_PodcastsCourseLBTA.framework */,
			);
			name = Frameworks;
			sourceTree = "<group>";
		};
		C76281E4203BCBF900A0682E /* API */ = {
			isa = PBXGroup;
			children = (
				C76281E5203BCC0800A0682E /* APIService.swift */,
			);
			path = API;
			sourceTree = "<group>";
		};
		C76281F1203CC76B00A0682E /* Views */ = {
			isa = PBXGroup;
			children = (
				C76281F2203CC78D00A0682E /* PodcastCell.xib */,
				C76281F4203CCA0D00A0682E /* PodcastCell.swift */,
				C766286B2045FEDE00E56D88 /* EpisodeCell.swift */,
				C766286C2045FEDE00E56D88 /* EpisodeCell.xib */,
				C76628842047879100E56D88 /* PlayerDetailsView.xib */,
				C7662886204789E400E56D88 /* PlayerDetailsView.swift */,
				C7AC4CA020521CAB004BA2C0 /* PlayerDetailsView+Gestures.swift */,
				C7F1F959204E7EFA00BCF21E /* PodcastsSearchingView.xib */,
				C7799ED62058D6B200152002 /* FavoritePodcastCell.swift */,
			);
			path = Views;
			sourceTree = "<group>";
		};
		C766287720464C9600E56D88 /* Extensions */ = {
			isa = PBXGroup;
			children = (
				C766287820464CA200E56D88 /* String.swift */,
				C766287A20464D9200E56D88 /* RSSFeed.swift */,
				C77AC78F204B5A99001CAFA0 /* CMTime.swift */,
				C74D4CF520531C9700B1C238 /* UIApplication.swift */,
				C73F0B08205B034500472D57 /* UserDefaults.swift */,
			);
			path = Extensions;
			sourceTree = "<group>";
		};
		C7A3FEAD2033D9AC00E68D2F = {
			isa = PBXGroup;
			children = (
				C7A3FEB82033D9AC00E68D2F /* PodcastsCourseLBTA */,
				C7A3FEB72033D9AC00E68D2F /* Products */,
				F0CA0338FF69D6389AECFC44 /* Pods */,
				3476BD160D271D21684958FF /* Frameworks */,
			);
			sourceTree = "<group>";
		};
		C7A3FEB72033D9AC00E68D2F /* Products */ = {
			isa = PBXGroup;
			children = (
				C7A3FEB62033D9AC00E68D2F /* PodcastsCourseLBTA.app */,
			);
			name = Products;
			sourceTree = "<group>";
		};
		C7A3FEB82033D9AC00E68D2F /* PodcastsCourseLBTA */ = {
			isa = PBXGroup;
			children = (
				C766287720464C9600E56D88 /* Extensions */,
				C76281E4203BCBF900A0682E /* API */,
				C7A3FED62034DAD000E68D2F /* Models */,
				C76281F1203CC76B00A0682E /* Views */,
				C7A3FED32034DA4200E68D2F /* Controllers */,
				C7A3FEB92033D9AC00E68D2F /* AppDelegate.swift */,
				C7A3FEBB2033D9AC00E68D2F /* ViewController.swift */,
				C7A3FEBD2033D9AC00E68D2F /* Main.storyboard */,
				C7A3FEC02033D9AC00E68D2F /* Assets.xcassets */,
				C7A3FEC22033D9AC00E68D2F /* LaunchScreen.storyboard */,
				C7A3FEC52033D9AC00E68D2F /* Info.plist */,
			);
			path = PodcastsCourseLBTA;
			sourceTree = "<group>";
		};
		C7A3FED32034DA4200E68D2F /* Controllers */ = {
			isa = PBXGroup;
			children = (
				C7A3FED42034DA5500E68D2F /* PodcastsSearchController.swift */,
				C79694BC203F5E3E00117ECE /* EpisodesController.swift */,
				C7799ED02058AA4D00152002 /* FavoritesController.swift */,
				C7A3FECB2033D9EB00E68D2F /* MainTabBarController.swift */,
				C7453C6D205C48B300267B46 /* DownloadsController.swift */,
			);
			path = Controllers;
			sourceTree = "<group>";
		};
		C7A3FED62034DAD000E68D2F /* Models */ = {
			isa = PBXGroup;
			children = (
				C7A3FED72034DAE200E68D2F /* Podcast.swift */,
				C76628692045FD9000E56D88 /* Episode.swift */,
			);
			path = Models;
			sourceTree = "<group>";
		};
		F0CA0338FF69D6389AECFC44 /* Pods */ = {
			isa = PBXGroup;
			children = (
				4274D556DF3E5E30B053BF5A /* Pods-PodcastsCourseLBTA.debug.xcconfig */,
				1EAC68EB03C6342477360E50 /* Pods-PodcastsCourseLBTA.release.xcconfig */,
			);
			name = Pods;
			sourceTree = "<group>";
		};
/* End PBXGroup section */

/* Begin PBXNativeTarget section */
		C7A3FEB52033D9AC00E68D2F /* PodcastsCourseLBTA */ = {
			isa = PBXNativeTarget;
			buildConfigurationList = C7A3FEC82033D9AC00E68D2F /* Build configuration list for PBXNativeTarget "PodcastsCourseLBTA" */;
			buildPhases = (
				6C7AF13E2FBC81BF251EAA89 /* [CP] Check Pods Manifest.lock */,
				C7A3FEB22033D9AC00E68D2F /* Sources */,
				C7A3FEB32033D9AC00E68D2F /* Frameworks */,
				C7A3FEB42033D9AC00E68D2F /* Resources */,
				68264B75CBA6D4C39BF12373 /* [CP] Embed Pods Frameworks */,
				AF56287F08315AA1CAE37CEC /* [CP] Copy Pods Resources */,
			);
			buildRules = (
			);
			dependencies = (
			);
			name = PodcastsCourseLBTA;
			productName = PodcastsCourseLBTA;
			productReference = C7A3FEB62033D9AC00E68D2F /* PodcastsCourseLBTA.app */;
			productType = "com.apple.product-type.application";
		};
/* End PBXNativeTarget section */

/* Begin PBXProject section */
		C7A3FEAE2033D9AC00E68D2F /* Project object */ = {
			isa = PBXProject;
			attributes = {
				LastSwiftUpdateCheck = 0920;
				LastUpgradeCheck = 1000;
				ORGANIZATIONNAME = "Brian Voong";
				TargetAttributes = {
					C7A3FEB52033D9AC00E68D2F = {
						CreatedOnToolsVersion = 9.2;
						LastSwiftMigration = 1020;
						ProvisioningStyle = Automatic;
						SystemCapabilities = {
							com.apple.BackgroundModes = {
								enabled = 1;
							};
						};
					};
				};
			};
			buildConfigurationList = C7A3FEB12033D9AC00E68D2F /* Build configuration list for PBXProject "PodcastsCourseLBTA" */;
			compatibilityVersion = "Xcode 8.0";
			developmentRegion = en;
			hasScannedForEncodings = 0;
			knownRegions = (
				en,
				Base,
			);
			mainGroup = C7A3FEAD2033D9AC00E68D2F;
			productRefGroup = C7A3FEB72033D9AC00E68D2F /* Products */;
			projectDirPath = "";
			projectRoot = "";
			targets = (
				C7A3FEB52033D9AC00E68D2F /* PodcastsCourseLBTA */,
			);
		};
/* End PBXProject section */

/* Begin PBXResourcesBuildPhase section */
		C7A3FEB42033D9AC00E68D2F /* Resources */ = {
			isa = PBXResourcesBuildPhase;
			buildActionMask = 2147483647;
			files = (
				C76628852047879100E56D88 /* PlayerDetailsView.xib in Resources */,
				C7A3FEC42033D9AC00E68D2F /* LaunchScreen.storyboard in Resources */,
				C7F1F95A204E7EFA00BCF21E /* PodcastsSearchingView.xib in Resources */,
				C7A3FEC12033D9AC00E68D2F /* Assets.xcassets in Resources */,
				C766286E2045FEDE00E56D88 /* EpisodeCell.xib in Resources */,
				C76281F3203CC78D00A0682E /* PodcastCell.xib in Resources */,
				C7A3FEBF2033D9AC00E68D2F /* Main.storyboard in Resources */,
			);
			runOnlyForDeploymentPostprocessing = 0;
		};
/* End PBXResourcesBuildPhase section */

/* Begin PBXShellScriptBuildPhase section */
		68264B75CBA6D4C39BF12373 /* [CP] Embed Pods Frameworks */ = {
			isa = PBXShellScriptBuildPhase;
			buildActionMask = 2147483647;
			files = (
			);
			inputPaths = (
				"${SRCROOT}/Pods/Target Support Files/Pods-PodcastsCourseLBTA/Pods-PodcastsCourseLBTA-frameworks.sh",
				"${BUILT_PRODUCTS_DIR}/Alamofire/Alamofire.framework",
				"${BUILT_PRODUCTS_DIR}/FeedKit/FeedKit.framework",
				"${BUILT_PRODUCTS_DIR}/SDWebImage/SDWebImage.framework",
			);
			name = "[CP] Embed Pods Frameworks";
			outputPaths = (
				"${TARGET_BUILD_DIR}/${FRAMEWORKS_FOLDER_PATH}/Alamofire.framework",
				"${TARGET_BUILD_DIR}/${FRAMEWORKS_FOLDER_PATH}/FeedKit.framework",
				"${TARGET_BUILD_DIR}/${FRAMEWORKS_FOLDER_PATH}/SDWebImage.framework",
			);
			runOnlyForDeploymentPostprocessing = 0;
			shellPath = /bin/sh;
			shellScript = "\"${SRCROOT}/Pods/Target Support Files/Pods-PodcastsCourseLBTA/Pods-PodcastsCourseLBTA-frameworks.sh\"\n";
			showEnvVarsInLog = 0;
		};
		6C7AF13E2FBC81BF251EAA89 /* [CP] Check Pods Manifest.lock */ = {
			isa = PBXShellScriptBuildPhase;
			buildActionMask = 2147483647;
			files = (
			);
			inputPaths = (
				"${PODS_PODFILE_DIR_PATH}/Podfile.lock",
				"${PODS_ROOT}/Manifest.lock",
			);
			name = "[CP] Check Pods Manifest.lock";
			outputPaths = (
				"$(DERIVED_FILE_DIR)/Pods-PodcastsCourseLBTA-checkManifestLockResult.txt",
			);
			runOnlyForDeploymentPostprocessing = 0;
			shellPath = /bin/sh;
			shellScript = "diff \"${PODS_PODFILE_DIR_PATH}/Podfile.lock\" \"${PODS_ROOT}/Manifest.lock\" > /dev/null\nif [ $? != 0 ] ; then\n    # print error to STDERR\n    echo \"error: The sandbox is not in sync with the Podfile.lock. Run 'pod install' or update your CocoaPods installation.\" >&2\n    exit 1\nfi\n# This output is used by Xcode 'outputs' to avoid re-running this script phase.\necho \"SUCCESS\" > \"${SCRIPT_OUTPUT_FILE_0}\"\n";
			showEnvVarsInLog = 0;
		};
		AF56287F08315AA1CAE37CEC /* [CP] Copy Pods Resources */ = {
			isa = PBXShellScriptBuildPhase;
			buildActionMask = 2147483647;
			files = (
			);
			inputPaths = (
			);
			name = "[CP] Copy Pods Resources";
			outputPaths = (
			);
			runOnlyForDeploymentPostprocessing = 0;
			shellPath = /bin/sh;
			shellScript = "\"${SRCROOT}/Pods/Target Support Files/Pods-PodcastsCourseLBTA/Pods-PodcastsCourseLBTA-resources.sh\"\n";
			showEnvVarsInLog = 0;
		};
/* End PBXShellScriptBuildPhase section */

/* Begin PBXSourcesBuildPhase section */
		C7A3FEB22033D9AC00E68D2F /* Sources */ = {
			isa = PBXSourcesBuildPhase;
			buildActionMask = 2147483647;
			files = (
				C7799ED72058D6B200152002 /* FavoritePodcastCell.swift in Sources */,
				C74D4CF620531C9700B1C238 /* UIApplication.swift in Sources */,
				C766287B20464D9200E56D88 /* RSSFeed.swift in Sources */,
				C7662887204789E400E56D88 /* PlayerDetailsView.swift in Sources */,
				C7799ED12058AA4D00152002 /* FavoritesController.swift in Sources */,
				C7A3FED52034DA5500E68D2F /* PodcastsSearchController.swift in Sources */,
				C766287920464CA200E56D88 /* String.swift in Sources */,
				C77AC790204B5A99001CAFA0 /* CMTime.swift in Sources */,
				C7A3FEBC2033D9AC00E68D2F /* ViewController.swift in Sources */,
				C7A3FEBA2033D9AC00E68D2F /* AppDelegate.swift in Sources */,
				C7AC4CA120521CAB004BA2C0 /* PlayerDetailsView+Gestures.swift in Sources */,
				C79694BD203F5E3E00117ECE /* EpisodesController.swift in Sources */,
				C7A3FECC2033D9EB00E68D2F /* MainTabBarController.swift in Sources */,
				C73F0B09205B034500472D57 /* UserDefaults.swift in Sources */,
				C766286D2045FEDE00E56D88 /* EpisodeCell.swift in Sources */,
				C7453C6E205C48B300267B46 /* DownloadsController.swift in Sources */,
				C76281E6203BCC0800A0682E /* APIService.swift in Sources */,
				C7A3FED82034DAE200E68D2F /* Podcast.swift in Sources */,
				C766286A2045FD9000E56D88 /* Episode.swift in Sources */,
				C76281F5203CCA0D00A0682E /* PodcastCell.swift in Sources */,
			);
			runOnlyForDeploymentPostprocessing = 0;
		};
/* End PBXSourcesBuildPhase section */

/* Begin PBXVariantGroup section */
		C7A3FEBD2033D9AC00E68D2F /* Main.storyboard */ = {
			isa = PBXVariantGroup;
			children = (
				C7A3FEBE2033D9AC00E68D2F /* Base */,
			);
			name = Main.storyboard;
			sourceTree = "<group>";
		};
		C7A3FEC22033D9AC00E68D2F /* LaunchScreen.storyboard */ = {
			isa = PBXVariantGroup;
			children = (
				C7A3FEC32033D9AC00E68D2F /* Base */,
			);
			name = LaunchScreen.storyboard;
			sourceTree = "<group>";
		};
/* End PBXVariantGroup section */

/* Begin XCBuildConfiguration section */
		C7A3FEC62033D9AC00E68D2F /* Debug */ = {
			isa = XCBuildConfiguration;
			buildSettings = {
				ALWAYS_SEARCH_USER_PATHS = NO;
				CLANG_ANALYZER_NONNULL = YES;
				CLANG_ANALYZER_NUMBER_OBJECT_CONVERSION = YES_AGGRESSIVE;
				CLANG_CXX_LANGUAGE_STANDARD = "gnu++14";
				CLANG_CXX_LIBRARY = "libc++";
				CLANG_ENABLE_MODULES = YES;
				CLANG_ENABLE_OBJC_ARC = YES;
				CLANG_WARN_BLOCK_CAPTURE_AUTORELEASING = YES;
				CLANG_WARN_BOOL_CONVERSION = YES;
				CLANG_WARN_COMMA = YES;
				CLANG_WARN_CONSTANT_CONVERSION = YES;
				CLANG_WARN_DEPRECATED_OBJC_IMPLEMENTATIONS = YES;
				CLANG_WARN_DIRECT_OBJC_ISA_USAGE = YES_ERROR;
				CLANG_WARN_DOCUMENTATION_COMMENTS = YES;
				CLANG_WARN_EMPTY_BODY = YES;
				CLANG_WARN_ENUM_CONVERSION = YES;
				CLANG_WARN_INFINITE_RECURSION = YES;
				CLANG_WARN_INT_CONVERSION = YES;
				CLANG_WARN_NON_LITERAL_NULL_CONVERSION = YES;
				CLANG_WARN_OBJC_IMPLICIT_RETAIN_SELF = YES;
				CLANG_WARN_OBJC_LITERAL_CONVERSION = YES;
				CLANG_WARN_OBJC_ROOT_CLASS = YES_ERROR;
				CLANG_WARN_RANGE_LOOP_ANALYSIS = YES;
				CLANG_WARN_STRICT_PROTOTYPES = YES;
				CLANG_WARN_SUSPICIOUS_MOVE = YES;
				CLANG_WARN_UNGUARDED_AVAILABILITY = YES_AGGRESSIVE;
				CLANG_WARN_UNREACHABLE_CODE = YES;
				CLANG_WARN__DUPLICATE_METHOD_MATCH = YES;
				CODE_SIGN_IDENTITY = "iPhone Developer";
				COPY_PHASE_STRIP = NO;
				DEBUG_INFORMATION_FORMAT = dwarf;
				ENABLE_STRICT_OBJC_MSGSEND = YES;
				ENABLE_TESTABILITY = YES;
				GCC_C_LANGUAGE_STANDARD = gnu11;
				GCC_DYNAMIC_NO_PIC = NO;
				GCC_NO_COMMON_BLOCKS = YES;
				GCC_OPTIMIZATION_LEVEL = 0;
				GCC_PREPROCESSOR_DEFINITIONS = (
					"DEBUG=1",
					"$(inherited)",
				);
				GCC_WARN_64_TO_32_BIT_CONVERSION = YES;
				GCC_WARN_ABOUT_RETURN_TYPE = YES_ERROR;
				GCC_WARN_UNDECLARED_SELECTOR = YES;
				GCC_WARN_UNINITIALIZED_AUTOS = YES_AGGRESSIVE;
				GCC_WARN_UNUSED_FUNCTION = YES;
				GCC_WARN_UNUSED_VARIABLE = YES;
				IPHONEOS_DEPLOYMENT_TARGET = 11.2;
				MTL_ENABLE_DEBUG_INFO = YES;
				ONLY_ACTIVE_ARCH = YES;
				SDKROOT = iphoneos;
				SWIFT_ACTIVE_COMPILATION_CONDITIONS = DEBUG;
				SWIFT_OPTIMIZATION_LEVEL = "-Onone";
			};
			name = Debug;
		};
		C7A3FEC72033D9AC00E68D2F /* Release */ = {
			isa = XCBuildConfiguration;
			buildSettings = {
				ALWAYS_SEARCH_USER_PATHS = NO;
				CLANG_ANALYZER_NONNULL = YES;
				CLANG_ANALYZER_NUMBER_OBJECT_CONVERSION = YES_AGGRESSIVE;
				CLANG_CXX_LANGUAGE_STANDARD = "gnu++14";
				CLANG_CXX_LIBRARY = "libc++";
				CLANG_ENABLE_MODULES = YES;
				CLANG_ENABLE_OBJC_ARC = YES;
				CLANG_WARN_BLOCK_CAPTURE_AUTORELEASING = YES;
				CLANG_WARN_BOOL_CONVERSION = YES;
				CLANG_WARN_COMMA = YES;
				CLANG_WARN_CONSTANT_CONVERSION = YES;
				CLANG_WARN_DEPRECATED_OBJC_IMPLEMENTATIONS = YES;
				CLANG_WARN_DIRECT_OBJC_ISA_USAGE = YES_ERROR;
				CLANG_WARN_DOCUMENTATION_COMMENTS = YES;
				CLANG_WARN_EMPTY_BODY = YES;
				CLANG_WARN_ENUM_CONVERSION = YES;
				CLANG_WARN_INFINITE_RECURSION = YES;
				CLANG_WARN_INT_CONVERSION = YES;
				CLANG_WARN_NON_LITERAL_NULL_CONVERSION = YES;
				CLANG_WARN_OBJC_IMPLICIT_RETAIN_SELF = YES;
				CLANG_WARN_OBJC_LITERAL_CONVERSION = YES;
				CLANG_WARN_OBJC_ROOT_CLASS = YES_ERROR;
				CLANG_WARN_RANGE_LOOP_ANALYSIS = YES;
				CLANG_WARN_STRICT_PROTOTYPES = YES;
				CLANG_WARN_SUSPICIOUS_MOVE = YES;
				CLANG_WARN_UNGUARDED_AVAILABILITY = YES_AGGRESSIVE;
				CLANG_WARN_UNREACHABLE_CODE = YES;
				CLANG_WARN__DUPLICATE_METHOD_MATCH = YES;
				CODE_SIGN_IDENTITY = "iPhone Developer";
				COPY_PHASE_STRIP = NO;
				DEBUG_INFORMATION_FORMAT = "dwarf-with-dsym";
				ENABLE_NS_ASSERTIONS = NO;
				ENABLE_STRICT_OBJC_MSGSEND = YES;
				GCC_C_LANGUAGE_STANDARD = gnu11;
				GCC_NO_COMMON_BLOCKS = YES;
				GCC_WARN_64_TO_32_BIT_CONVERSION = YES;
				GCC_WARN_ABOUT_RETURN_TYPE = YES_ERROR;
				GCC_WARN_UNDECLARED_SELECTOR = YES;
				GCC_WARN_UNINITIALIZED_AUTOS = YES_AGGRESSIVE;
				GCC_WARN_UNUSED_FUNCTION = YES;
				GCC_WARN_UNUSED_VARIABLE = YES;
				IPHONEOS_DEPLOYMENT_TARGET = 11.2;
				MTL_ENABLE_DEBUG_INFO = NO;
				SDKROOT = iphoneos;
				SWIFT_OPTIMIZATION_LEVEL = "-Owholemodule";
				VALIDATE_PRODUCT = YES;
			};
			name = Release;
		};
		C7A3FEC92033D9AC00E68D2F /* Debug */ = {
			isa = XCBuildConfiguration;
			baseConfigurationReference = 4274D556DF3E5E30B053BF5A /* Pods-PodcastsCourseLBTA.debug.xcconfig */;
			buildSettings = {
				ASSETCATALOG_COMPILER_APPICON_NAME = AppIcon;
				CODE_SIGN_STYLE = Automatic;
				DEVELOPMENT_TEAM = W6BB82PR4R;
				INFOPLIST_FILE = PodcastsCourseLBTA/Info.plist;
				LD_RUNPATH_SEARCH_PATHS = "$(inherited) @executable_path/Frameworks";
				PRODUCT_BUNDLE_IDENTIFIER = com.letsbuildthatapp.PodcastsCourseLBTA;
				PRODUCT_NAME = "$(TARGET_NAME)";
				SWIFT_VERSION = 5.0;
				TARGETED_DEVICE_FAMILY = "1,2";
			};
			name = Debug;
		};
		C7A3FECA2033D9AC00E68D2F /* Release */ = {
			isa = XCBuildConfiguration;
			baseConfigurationReference = 1EAC68EB03C6342477360E50 /* Pods-PodcastsCourseLBTA.release.xcconfig */;
			buildSettings = {
				ASSETCATALOG_COMPILER_APPICON_NAME = AppIcon;
				CODE_SIGN_STYLE = Automatic;
				DEVELOPMENT_TEAM = W6BB82PR4R;
				INFOPLIST_FILE = PodcastsCourseLBTA/Info.plist;
				LD_RUNPATH_SEARCH_PATHS = "$(inherited) @executable_path/Frameworks";
				PRODUCT_BUNDLE_IDENTIFIER = com.letsbuildthatapp.PodcastsCourseLBTA;
				PRODUCT_NAME = "$(TARGET_NAME)";
				SWIFT_VERSION = 5.0;
				TARGETED_DEVICE_FAMILY = "1,2";
			};
			name = Release;
		};
/* End XCBuildConfiguration section */

/* Begin XCConfigurationList section */
		C7A3FEB12033D9AC00E68D2F /* Build configuration list for PBXProject "PodcastsCourseLBTA" */ = {
			isa = XCConfigurationList;
			buildConfigurations = (
				C7A3FEC62033D9AC00E68D2F /* Debug */,
				C7A3FEC72033D9AC00E68D2F /* Release */,
			);
			defaultConfigurationIsVisible = 0;
			defaultConfigurationName = Release;
		};
		C7A3FEC82033D9AC00E68D2F /* Build configuration list for PBXNativeTarget "PodcastsCourseLBTA" */ = {
			isa = XCConfigurationList;
			buildConfigurations = (
				C7A3FEC92033D9AC00E68D2F /* Debug */,
				C7A3FECA2033D9AC00E68D2F /* Release */,
			);
			defaultConfigurationIsVisible = 0;
			defaultConfigurationName = Release;
		};
/* End XCConfigurationList section */
	};
	rootObject = C7A3FEAE2033D9AC00E68D2F /* Project object */;
}
